
Microsoft Visual Studio Solution File, Format Version 12.00
# Visual Studio Version 16
VisualStudioVersion = 16.0.31112.23
MinimumVisualStudioVersion = 15.0.26124.0
Project("{9A19103F-16F7-4668-BE54-9A1E7A4F7556}") = "OutdoorProducts", "OutdoorProducts\OutdoorProducts.csproj", "{292B1672-32E8-4D41-BD01-F37929B80B84}"
EndProject
Project("{9A19103F-16F7-4668-BE54-9A1E7A4F7556}") = "OutdoorProducts.Tests", "OutdoorProducts.Tests\OutdoorProducts.Tests.csproj", "{2143EB78-090C-4A90-AF98-20F97B29F403}"
EndProject
Global
	GlobalSection(SolutionConfigurationPlatforms) = preSolution
		Debug|Any CPU = Debug|Any CPU
		Debug|x64 = Debug|x64
		Debug|x86 = Debug|x86
		Release|Any CPU = Release|Any CPU
		Release|x64 = Release|x64
		Release|x86 = Release|x86
	EndGlobalSection
	GlobalSection(ProjectConfigurationPlatforms) = postSolution
		{292B1672-32E8-4D41-BD01-F37929B80B84}.Debug|Any CPU.ActiveCfg = Debug|Any CPU
		{292B1672-32E8-4D41-BD01-F37929B80B84}.Debug|Any CPU.Build.0 = Debug|Any CPU
		{292B1672-32E8-4D41-BD01-F37929B80B84}.Debug|x64.ActiveCfg = Debug|Any CPU
		{292B1672-32E8-4D41-BD01-F37929B80B84}.Debug|x64.Build.0 = Debug|Any CPU
		{292B1672-32E8-4D41-BD01-F37929B80B84}.Debug|x86.ActiveCfg = Debug|Any CPU
		{292B1672-32E8-4D41-BD01-F37929B80B84}.Debug|x86.Build.0 = Debug|Any CPU
		{292B1672-32E8-4D41-BD01-F37929B80B84}.Release|Any CPU.ActiveCfg = Release|Any CPU
		{292B1672-32E8-4D41-BD01-F37929B80B84}.Release|Any CPU.Build.0 = Release|Any CPU
		{292B1672-32E8-4D41-BD01-F37929B80B84}.Release|x64.ActiveCfg = Release|Any CPU
		{292B1672-32E8-4D41-BD01-F37929B80B84}.Release|x64.Build.0 = Release|Any CPU
		{292B1672-32E8-4D41-BD01-F37929B80B84}.Release|x86.ActiveCfg = Release|Any CPU
		{292B1672-32E8-4D41-BD01-F37929B80B84}.Release|x86.Build.0 = Release|Any CPU
		{2143EB78-090C-4A90-AF98-20F97B29F403}.Debug|Any CPU.ActiveCfg = Debug|Any CPU
		{2143EB78-090C-4A90-AF98-20F97B29F403}.Debug|Any CPU.Build.0 = Debug|Any CPU
		{2143EB78-090C-4A90-AF98-20F97B29F403}.Debug|x64.ActiveCfg = Debug|Any CPU
		{2143EB78-090C-4A90-AF98-20F97B29F403}.Debug|x64.Build.0 = Debug|Any CPU
		{2143EB78-090C-4A90-AF98-20F97B29F403}.Debug|x86.ActiveCfg = Debug|Any CPU
		{2143EB78-090C-4A90-AF98-20F97B29F403}.Debug|x86.Build.0 = Debug|Any CPU
		{2143EB78-090C-4A90-AF98-20F97B29F403}.Release|Any CPU.ActiveCfg = Release|Any CPU
		{2143EB78-090C-4A90-AF98-20F97B29F403}.Release|Any CPU.Build.0 = Release|Any CPU
		{2143EB78-090C-4A90-AF98-20F97B29F403}.Release|x64.ActiveCfg = Release|Any CPU
		{2143EB78-090C-4A90-AF98-20F97B29F403}.Release|x64.Build.0 = Release|Any CPU
		{2143EB78-090C-4A90-AF98-20F97B29F403}.Release|x86.ActiveCfg = Release|Any CPU
		{2143EB78-090C-4A90-AF98-20F97B29F403}.Release|x86.Build.0 = Release|Any CPU
	EndGlobalSection
	GlobalSection(SolutionProperties) = preSolution
		HideSolutionNode = FALSE
	EndGlobalSection
	GlobalSection(ExtensibilityGlobals) = postSolution
		SolutionGuid = {9377A989-D3CD-4C05-95EA-EF1C9C2DEE70}
	EndGlobalSection
EndGlobal
